
Microsoft Visual Studio Solution File, Format Version 12.00
# Visual Studio Version 16
VisualStudioVersion = 16.0.31729.503
MinimumVisualStudioVersion = 10.0.40219.1
Project("{FAE04EC0-301F-11D3-BF4B-00C04F79EFBC}") = "Exam2", "Exam2\Exam2.csproj", "{1E7F14F5-240B-403F-8F18-61C0CF153D09}"
EndProject
Global
	GlobalSection(SolutionConfigurationPlatforms) = preSolution
		Debug|Any CPU = Debug|Any CPU
		Release|Any CPU = Release|Any CPU
	EndGlobalSection
	GlobalSection(ProjectConfigurationPlatforms) = postSolution
		{1E7F14F5-240B-403F-8F18-61C0CF153D09}.Debug|Any CPU.ActiveCfg = Debug|Any CPU
		{1E7F14F5-240B-403F-8F18-61C0CF153D09}.Debug|Any CPU.Build.0 = Debug|Any CPU
		{1E7F14F5-240B-403F-8F18-61C0CF153D09}.Release|Any CPU.ActiveCfg = Release|Any CPU
		{1E7F14F5-240B-403F-8F18-61C0CF153D09}.Release|Any CPU.Build.0 = Release|Any CPU
	EndGlobalSection
	GlobalSection(SolutionProperties) = preSolution
		HideSolutionNode = FALSE
	EndGlobalSection
	GlobalSection(ExtensibilityGlobals) = postSolution
		SolutionGuid = {BA1534DD-298A-48B0-BF52-274E9A06C2D5}
	EndGlobalSection
EndGlobal
